// !$*UTF8*$!
{
	archiveVersion = 1;
	classes = {
	};
	objectVersion = 52;
	objects = {

/* Begin PBXBuildFile section */
		562F6978256A7A6D00C50C97 /* CustomColor.swift in Sources */ = {isa = PBXBuildFile; fileRef = 562F6977256A7A6D00C50C97 /* CustomColor.swift */; };
		562F697D256A7A8700C50C97 /* Colors.xcassets in Resources */ = {isa = PBXBuildFile; fileRef = 562F697C256A7A8700C50C97 /* Colors.xcassets */; };
		562F698F256EBFAE00C50C97 /* HomeView.swift in Sources */ = {isa = PBXBuildFile; fileRef = 562F698E256EBFAE00C50C97 /* HomeView.swift */; };
		562F6997256EC04800C50C97 /* RoundedBackground.swift in Sources */ = {isa = PBXBuildFile; fileRef = 562F6996256EC04800C50C97 /* RoundedBackground.swift */; };
		562F69A4256EC24800C50C97 /* ProgressBar.swift in Sources */ = {isa = PBXBuildFile; fileRef = 562F69A3256EC24800C50C97 /* ProgressBar.swift */; };
		562F69A9256ECA0E00C50C97 /* DateSelectionVIew.swift in Sources */ = {isa = PBXBuildFile; fileRef = 562F69A8256ECA0E00C50C97 /* DateSelectionVIew.swift */; };
		562F69AE256ECBD400C50C97 /* AchievedGoalRow.swift in Sources */ = {isa = PBXBuildFile; fileRef = 562F69AD256ECBD400C50C97 /* AchievedGoalRow.swift */; };
		562F69B3256ECC3A00C50C97 /* GoalRow.swift in Sources */ = {isa = PBXBuildFile; fileRef = 562F69B2256ECC3A00C50C97 /* GoalRow.swift */; };
		562F69BB256ECCC400C50C97 /* GoalList.swift in Sources */ = {isa = PBXBuildFile; fileRef = 562F69BA256ECCC400C50C97 /* GoalList.swift */; };
		56790B61257B792A00920402 /* ScoreRow.swift in Sources */ = {isa = PBXBuildFile; fileRef = 56790B60257B792A00920402 /* ScoreRow.swift */; };
		56790B8D257BE7F000920402 /* ScorePadRow.swift in Sources */ = {isa = PBXBuildFile; fileRef = 56790B8C257BE7F000920402 /* ScorePadRow.swift */; };
		56790B92257BE85600920402 /* ScorePad.swift in Sources */ = {isa = PBXBuildFile; fileRef = 56790B91257BE85600920402 /* ScorePad.swift */; };
		630EBD102566954500CDFA50 /* HalfableGrayLine.swift in Sources */ = {isa = PBXBuildFile; fileRef = 630EBD0F2566954500CDFA50 /* HalfableGrayLine.swift */; };
		630EBD222566A38800CDFA50 /* RetrospectRow.swift in Sources */ = {isa = PBXBuildFile; fileRef = 630EBD212566A38700CDFA50 /* RetrospectRow.swift */; };
		630EBD2F2566A5F300CDFA50 /* MonthFlagRow.swift in Sources */ = {isa = PBXBuildFile; fileRef = 630EBD2E2566A5F300CDFA50 /* MonthFlagRow.swift */; };
		632A106E2566B94C0085B126 /* ShadowCard.swift in Sources */ = {isa = PBXBuildFile; fileRef = 632A106D2566B94C0085B126 /* ShadowCard.swift */; };
		632A10762566B9EB0085B126 /* AchievementRow.swift in Sources */ = {isa = PBXBuildFile; fileRef = 632A10752566B9EB0085B126 /* AchievementRow.swift */; };
		632A107E2566BCDB0085B126 /* RetrospectView.swift in Sources */ = {isa = PBXBuildFile; fileRef = 632A107D2566BCDB0085B126 /* RetrospectView.swift */; };
		632A10832566BDCB0085B126 /* CardContentable.swift in Sources */ = {isa = PBXBuildFile; fileRef = 632A10822566BDCB0085B126 /* CardContentable.swift */; };
		632A10B12566CF2B0085B126 /* ContentView.swift in Sources */ = {isa = PBXBuildFile; fileRef = 632A10B02566CF2B0085B126 /* ContentView.swift */; };
		633548EE2585E98E006844B0 /* RetrospectWriteView.swift in Sources */ = {isa = PBXBuildFile; fileRef = 633548ED2585E98E006844B0 /* RetrospectWriteView.swift */; };
		635D5F5B25727FD500FEB3EF /* AchievementModalHeader.swift in Sources */ = {isa = PBXBuildFile; fileRef = 635D5F5A25727FD500FEB3EF /* AchievementModalHeader.swift */; };
		635D5F63257285C500FEB3EF /* AchievementModalPercentageView.swift in Sources */ = {isa = PBXBuildFile; fileRef = 635D5F62257285C500FEB3EF /* AchievementModalPercentageView.swift */; };
		635D5F6E25728D4400FEB3EF /* AchievementModalRow.swift in Sources */ = {isa = PBXBuildFile; fileRef = 635D5F6D25728D4400FEB3EF /* AchievementModalRow.swift */; };
		635D5FB5257531EF00FEB3EF /* Feeling.swift in Sources */ = {isa = PBXBuildFile; fileRef = 635D5FB4257531EF00FEB3EF /* Feeling.swift */; };
		63823E482586581E00374384 /* TextView.swift in Sources */ = {isa = PBXBuildFile; fileRef = 63823E472586581E00374384 /* TextView.swift */; };
		6391D16C25655C960007A926 /* HunnitLogApp.swift in Sources */ = {isa = PBXBuildFile; fileRef = 6391D16B25655C960007A926 /* HunnitLogApp.swift */; };
		6391D17025655C970007A926 /* Assets.xcassets in Resources */ = {isa = PBXBuildFile; fileRef = 6391D16F25655C970007A926 /* Assets.xcassets */; };
		6391D17325655C970007A926 /* Preview Assets.xcassets in Resources */ = {isa = PBXBuildFile; fileRef = 6391D17225655C970007A926 /* Preview Assets.xcassets */; };
		6391D17E25655C980007A926 /* HunnitLogTests.swift in Sources */ = {isa = PBXBuildFile; fileRef = 6391D17D25655C980007A926 /* HunnitLogTests.swift */; };
		6391D18925655C980007A926 /* HunnitLogUITests.swift in Sources */ = {isa = PBXBuildFile; fileRef = 6391D18825655C980007A926 /* HunnitLogUITests.swift */; };
		63A4DF14256C193400257ED2 /* CustomAlert.swift in Sources */ = {isa = PBXBuildFile; fileRef = 63A4DF13256C193400257ED2 /* CustomAlert.swift */; };
		63A4DF25256C1B0700257ED2 /* CustomAlertHostingController.swift in Sources */ = {isa = PBXBuildFile; fileRef = 63A4DF24256C1B0700257ED2 /* CustomAlertHostingController.swift */; };
		63A4DF3D256C1B5600257ED2 /* View+Extension.swift in Sources */ = {isa = PBXBuildFile; fileRef = 63A4DF3C256C1B5600257ED2 /* View+Extension.swift */; };
		63C7D48D25BAC44600BDE3AA /* QuestionAnswerView.swift in Sources */ = {isa = PBXBuildFile; fileRef = 63C7D48C25BAC44600BDE3AA /* QuestionAnswerView.swift */; };
		63C7D49225BAC46300BDE3AA /* RetrospectWriteHeaderView.swift in Sources */ = {isa = PBXBuildFile; fileRef = 63C7D49125BAC46300BDE3AA /* RetrospectWriteHeaderView.swift */; };
		63CA19032579359F00CB2283 /* HunnitSummary.swift in Sources */ = {isa = PBXBuildFile; fileRef = 63CA19022579359F00CB2283 /* HunnitSummary.swift */; };
		63CA19082579362900CB2283 /* DetailAnswerRow.swift in Sources */ = {isa = PBXBuildFile; fileRef = 63CA19072579362900CB2283 /* DetailAnswerRow.swift */; };
		63CA190D2579379700CB2283 /* DetailSummary.swift in Sources */ = {isa = PBXBuildFile; fileRef = 63CA190C2579379700CB2283 /* DetailSummary.swift */; };
		63CA19122579383E00CB2283 /* RetrospectDetailView.swift in Sources */ = {isa = PBXBuildFile; fileRef = 63CA19112579383E00CB2283 /* RetrospectDetailView.swift */; };
		63CA1930257BAE1D00CB2283 /* RetrospectWriteFinishView.swift in Sources */ = {isa = PBXBuildFile; fileRef = 63CA192F257BAE1C00CB2283 /* RetrospectWriteFinishView.swift */; };
		63CA1935257BBCF300CB2283 /* AchievementBar.swift in Sources */ = {isa = PBXBuildFile; fileRef = 63CA1934257BBCF300CB2283 /* AchievementBar.swift */; };
		63CA193A257BC5E300CB2283 /* BottomNextButton.swift in Sources */ = {isa = PBXBuildFile; fileRef = 63CA1939257BC5E300CB2283 /* BottomNextButton.swift */; };
		63CA19A4257E679900CB2283 /* SelectAchievementView.swift in Sources */ = {isa = PBXBuildFile; fileRef = 63CA19A0257E679900CB2283 /* SelectAchievementView.swift */; };
		63CA19A5257E679900CB2283 /* ScoreBubble.swift in Sources */ = {isa = PBXBuildFile; fileRef = 63CA19A1257E679900CB2283 /* ScoreBubble.swift */; };
		63CA19A6257E679900CB2283 /* StepperButton.swift in Sources */ = {isa = PBXBuildFile; fileRef = 63CA19A2257E679900CB2283 /* StepperButton.swift */; };
		63CA19A7257E679900CB2283 /* SelectAchievementRow.swift in Sources */ = {isa = PBXBuildFile; fileRef = 63CA19A3257E679900CB2283 /* SelectAchievementRow.swift */; };
		63F09B49256E9E5A00EB9101 /* AchievementRateModalView.swift in Sources */ = {isa = PBXBuildFile; fileRef = 63F09B48256E9E5A00EB9101 /* AchievementRateModalView.swift */; };
		E030BAFC256D0A5800EC18EC /* TagButton.swift in Sources */ = {isa = PBXBuildFile; fileRef = E030BAFB256D0A5800EC18EC /* TagButton.swift */; };
		E034A5DE25887CF30092A050 /* FlowView.swift in Sources */ = {isa = PBXBuildFile; fileRef = E034A5DD25887CF30092A050 /* FlowView.swift */; };
		E034A5E6258881530092A050 /* TagButtonViewModel.swift in Sources */ = {isa = PBXBuildFile; fileRef = E034A5E5258881530092A050 /* TagButtonViewModel.swift */; };
		E051ABAE257B5CCB00E06D52 /* AchievementQuestionView.swift in Sources */ = {isa = PBXBuildFile; fileRef = E051ABAD257B5CCB00E06D52 /* AchievementQuestionView.swift */; };
		E05859792574A05A00F5AE0C /* AchievementDateView.swift in Sources */ = {isa = PBXBuildFile; fileRef = E05859782574A05A00F5AE0C /* AchievementDateView.swift */; };
		E058597E2575CF6F00F5AE0C /* AchievementListView.swift in Sources */ = {isa = PBXBuildFile; fileRef = E058597D2575CF6F00F5AE0C /* AchievementListView.swift */; };
		E09B973925711196004C882D /* AchievementSetupView.swift in Sources */ = {isa = PBXBuildFile; fileRef = E09B973825711196004C882D /* AchievementSetupView.swift */; };
		E0A0AFD1257E2A0D0030F3F6 /* Lottie in Frameworks */ = {isa = PBXBuildFile; productRef = E0A0AFD0257E2A0D0030F3F6 /* Lottie */; };
		E0A0AFD7257E2A2B0030F3F6 /* SplashView.swift in Sources */ = {isa = PBXBuildFile; fileRef = E0A0AFD6257E2A2B0030F3F6 /* SplashView.swift */; };
		E0A0AFDF257E2BBB0030F3F6 /* splash.json in Resources */ = {isa = PBXBuildFile; fileRef = E0A0AFDE257E2BBB0030F3F6 /* splash.json */; };
		E0B1886C2576592D003DF180 /* AchievementItemViewModel.swift in Sources */ = {isa = PBXBuildFile; fileRef = E0B1886B2576592D003DF180 /* AchievementItemViewModel.swift */; };
		E0B18872257659BC003DF180 /* AchievementItemView.swift in Sources */ = {isa = PBXBuildFile; fileRef = E0B18871257659BC003DF180 /* AchievementItemView.swift */; };
		E0B1887D25765B71003DF180 /* Images.xcassets in Resources */ = {isa = PBXBuildFile; fileRef = E0B1887C25765B71003DF180 /* Images.xcassets */; };
		E0B18882257662C0003DF180 /* RetrospectQuestionView.swift in Sources */ = {isa = PBXBuildFile; fileRef = E0B18881257662C0003DF180 /* RetrospectQuestionView.swift */; };
		E0B18887257662CE003DF180 /* RetrospectQuestionViewModel.swift in Sources */ = {isa = PBXBuildFile; fileRef = E0B18886257662CE003DF180 /* RetrospectQuestionViewModel.swift */; };
		E0B91481256158AA00F93987 /* Tracker.swift in Sources */ = {isa = PBXBuildFile; fileRef = E0B9147E256158AA00F93987 /* Tracker.swift */; };
		E0B91482256158AA00F93987 /* APIService.swift in Sources */ = {isa = PBXBuildFile; fileRef = E0B9147F256158AA00F93987 /* APIService.swift */; };
		E0B91483256158AA00F93987 /* APIServiceError.swift in Sources */ = {isa = PBXBuildFile; fileRef = E0B91480256158AA00F93987 /* APIServiceError.swift */; };
/* End PBXBuildFile section */

/* Begin PBXContainerItemProxy section */
		6391D17A25655C980007A926 /* PBXContainerItemProxy */ = {
			isa = PBXContainerItemProxy;
			containerPortal = 6391D16025655C960007A926 /* Project object */;
			proxyType = 1;
			remoteGlobalIDString = 6391D16725655C960007A926;
			remoteInfo = HunnitLog;
		};
		6391D18525655C980007A926 /* PBXContainerItemProxy */ = {
			isa = PBXContainerItemProxy;
			containerPortal = 6391D16025655C960007A926 /* Project object */;
			proxyType = 1;
			remoteGlobalIDString = 6391D16725655C960007A926;
			remoteInfo = HunnitLog;
		};
/* End PBXContainerItemProxy section */

/* Begin PBXFileReference section */
		562F6977256A7A6D00C50C97 /* CustomColor.swift */ = {isa = PBXFileReference; lastKnownFileType = sourcecode.swift; path = CustomColor.swift; sourceTree = "<group>"; };
		562F697C256A7A8700C50C97 /* Colors.xcassets */ = {isa = PBXFileReference; lastKnownFileType = folder.assetcatalog; name = Colors.xcassets; path = HunnitLog/Colors.xcassets; sourceTree = SOURCE_ROOT; };
		562F698E256EBFAE00C50C97 /* HomeView.swift */ = {isa = PBXFileReference; lastKnownFileType = sourcecode.swift; path = HomeView.swift; sourceTree = "<group>"; };
		562F6996256EC04800C50C97 /* RoundedBackground.swift */ = {isa = PBXFileReference; lastKnownFileType = sourcecode.swift; path = RoundedBackground.swift; sourceTree = "<group>"; };
		562F69A3256EC24800C50C97 /* ProgressBar.swift */ = {isa = PBXFileReference; lastKnownFileType = sourcecode.swift; path = ProgressBar.swift; sourceTree = "<group>"; };
		562F69A8256ECA0E00C50C97 /* DateSelectionVIew.swift */ = {isa = PBXFileReference; lastKnownFileType = sourcecode.swift; path = DateSelectionVIew.swift; sourceTree = "<group>"; };
		562F69AD256ECBD400C50C97 /* AchievedGoalRow.swift */ = {isa = PBXFileReference; lastKnownFileType = sourcecode.swift; path = AchievedGoalRow.swift; sourceTree = "<group>"; };
		562F69B2256ECC3A00C50C97 /* GoalRow.swift */ = {isa = PBXFileReference; lastKnownFileType = sourcecode.swift; path = GoalRow.swift; sourceTree = "<group>"; };
		562F69BA256ECCC400C50C97 /* GoalList.swift */ = {isa = PBXFileReference; lastKnownFileType = sourcecode.swift; path = GoalList.swift; sourceTree = "<group>"; };
		56790B60257B792A00920402 /* ScoreRow.swift */ = {isa = PBXFileReference; lastKnownFileType = sourcecode.swift; path = ScoreRow.swift; sourceTree = "<group>"; };
		56790B8C257BE7F000920402 /* ScorePadRow.swift */ = {isa = PBXFileReference; lastKnownFileType = sourcecode.swift; path = ScorePadRow.swift; sourceTree = "<group>"; };
		56790B91257BE85600920402 /* ScorePad.swift */ = {isa = PBXFileReference; lastKnownFileType = sourcecode.swift; path = ScorePad.swift; sourceTree = "<group>"; };
		630EBD0F2566954500CDFA50 /* HalfableGrayLine.swift */ = {isa = PBXFileReference; lastKnownFileType = sourcecode.swift; path = HalfableGrayLine.swift; sourceTree = "<group>"; };
		630EBD212566A38700CDFA50 /* RetrospectRow.swift */ = {isa = PBXFileReference; lastKnownFileType = sourcecode.swift; path = RetrospectRow.swift; sourceTree = "<group>"; };
		630EBD2E2566A5F300CDFA50 /* MonthFlagRow.swift */ = {isa = PBXFileReference; lastKnownFileType = sourcecode.swift; path = MonthFlagRow.swift; sourceTree = "<group>"; };
		632A106D2566B94C0085B126 /* ShadowCard.swift */ = {isa = PBXFileReference; lastKnownFileType = sourcecode.swift; path = ShadowCard.swift; sourceTree = "<group>"; };
		632A10752566B9EB0085B126 /* AchievementRow.swift */ = {isa = PBXFileReference; lastKnownFileType = sourcecode.swift; path = AchievementRow.swift; sourceTree = "<group>"; };
		632A107D2566BCDB0085B126 /* RetrospectView.swift */ = {isa = PBXFileReference; lastKnownFileType = sourcecode.swift; path = RetrospectView.swift; sourceTree = "<group>"; };
		632A10822566BDCB0085B126 /* CardContentable.swift */ = {isa = PBXFileReference; lastKnownFileType = sourcecode.swift; path = CardContentable.swift; sourceTree = "<group>"; };
		632A10B02566CF2B0085B126 /* ContentView.swift */ = {isa = PBXFileReference; lastKnownFileType = sourcecode.swift; path = ContentView.swift; sourceTree = "<group>"; };
		633548ED2585E98E006844B0 /* RetrospectWriteView.swift */ = {isa = PBXFileReference; lastKnownFileType = sourcecode.swift; path = RetrospectWriteView.swift; sourceTree = "<group>"; };
		635D5F5A25727FD500FEB3EF /* AchievementModalHeader.swift */ = {isa = PBXFileReference; lastKnownFileType = sourcecode.swift; path = AchievementModalHeader.swift; sourceTree = "<group>"; };
		635D5F62257285C500FEB3EF /* AchievementModalPercentageView.swift */ = {isa = PBXFileReference; lastKnownFileType = sourcecode.swift; path = AchievementModalPercentageView.swift; sourceTree = "<group>"; };
		635D5F6D25728D4400FEB3EF /* AchievementModalRow.swift */ = {isa = PBXFileReference; lastKnownFileType = sourcecode.swift; path = AchievementModalRow.swift; sourceTree = "<group>"; };
		635D5FB4257531EF00FEB3EF /* Feeling.swift */ = {isa = PBXFileReference; lastKnownFileType = sourcecode.swift; path = Feeling.swift; sourceTree = "<group>"; };
		63823E472586581E00374384 /* TextView.swift */ = {isa = PBXFileReference; lastKnownFileType = sourcecode.swift; path = TextView.swift; sourceTree = "<group>"; };
		6391D16825655C960007A926 /* HunnitLog.app */ = {isa = PBXFileReference; explicitFileType = wrapper.application; includeInIndex = 0; path = HunnitLog.app; sourceTree = BUILT_PRODUCTS_DIR; };
		6391D16B25655C960007A926 /* HunnitLogApp.swift */ = {isa = PBXFileReference; lastKnownFileType = sourcecode.swift; path = HunnitLogApp.swift; sourceTree = "<group>"; };
		6391D16F25655C970007A926 /* Assets.xcassets */ = {isa = PBXFileReference; lastKnownFileType = folder.assetcatalog; path = Assets.xcassets; sourceTree = "<group>"; };
		6391D17225655C970007A926 /* Preview Assets.xcassets */ = {isa = PBXFileReference; lastKnownFileType = folder.assetcatalog; path = "Preview Assets.xcassets"; sourceTree = "<group>"; };
		6391D17425655C970007A926 /* Info.plist */ = {isa = PBXFileReference; lastKnownFileType = text.plist.xml; path = Info.plist; sourceTree = "<group>"; };
		6391D17925655C980007A926 /* HunnitLogTests.xctest */ = {isa = PBXFileReference; explicitFileType = wrapper.cfbundle; includeInIndex = 0; path = HunnitLogTests.xctest; sourceTree = BUILT_PRODUCTS_DIR; };
		6391D17D25655C980007A926 /* HunnitLogTests.swift */ = {isa = PBXFileReference; lastKnownFileType = sourcecode.swift; path = HunnitLogTests.swift; sourceTree = "<group>"; };
		6391D17F25655C980007A926 /* Info.plist */ = {isa = PBXFileReference; lastKnownFileType = text.plist.xml; path = Info.plist; sourceTree = "<group>"; };
		6391D18425655C980007A926 /* HunnitLogUITests.xctest */ = {isa = PBXFileReference; explicitFileType = wrapper.cfbundle; includeInIndex = 0; path = HunnitLogUITests.xctest; sourceTree = BUILT_PRODUCTS_DIR; };
		6391D18825655C980007A926 /* HunnitLogUITests.swift */ = {isa = PBXFileReference; lastKnownFileType = sourcecode.swift; path = HunnitLogUITests.swift; sourceTree = "<group>"; };
		6391D18A25655C980007A926 /* Info.plist */ = {isa = PBXFileReference; lastKnownFileType = text.plist.xml; path = Info.plist; sourceTree = "<group>"; };
		63A4DF13256C193400257ED2 /* CustomAlert.swift */ = {isa = PBXFileReference; lastKnownFileType = sourcecode.swift; path = CustomAlert.swift; sourceTree = "<group>"; };
		63A4DF24256C1B0700257ED2 /* CustomAlertHostingController.swift */ = {isa = PBXFileReference; lastKnownFileType = sourcecode.swift; path = CustomAlertHostingController.swift; sourceTree = "<group>"; };
		63A4DF3C256C1B5600257ED2 /* View+Extension.swift */ = {isa = PBXFileReference; lastKnownFileType = sourcecode.swift; path = "View+Extension.swift"; sourceTree = "<group>"; };
		63C7D48C25BAC44600BDE3AA /* QuestionAnswerView.swift */ = {isa = PBXFileReference; lastKnownFileType = sourcecode.swift; path = QuestionAnswerView.swift; sourceTree = "<group>"; };
		63C7D49125BAC46300BDE3AA /* RetrospectWriteHeaderView.swift */ = {isa = PBXFileReference; lastKnownFileType = sourcecode.swift; path = RetrospectWriteHeaderView.swift; sourceTree = "<group>"; };
		63CA19022579359F00CB2283 /* HunnitSummary.swift */ = {isa = PBXFileReference; lastKnownFileType = sourcecode.swift; path = HunnitSummary.swift; sourceTree = "<group>"; };
		63CA19072579362900CB2283 /* DetailAnswerRow.swift */ = {isa = PBXFileReference; lastKnownFileType = sourcecode.swift; path = DetailAnswerRow.swift; sourceTree = "<group>"; };
		63CA190C2579379700CB2283 /* DetailSummary.swift */ = {isa = PBXFileReference; lastKnownFileType = sourcecode.swift; path = DetailSummary.swift; sourceTree = "<group>"; };
		63CA19112579383E00CB2283 /* RetrospectDetailView.swift */ = {isa = PBXFileReference; lastKnownFileType = sourcecode.swift; path = RetrospectDetailView.swift; sourceTree = "<group>"; };
		63CA192F257BAE1C00CB2283 /* RetrospectWriteFinishView.swift */ = {isa = PBXFileReference; lastKnownFileType = sourcecode.swift; path = RetrospectWriteFinishView.swift; sourceTree = "<group>"; };
		63CA1934257BBCF300CB2283 /* AchievementBar.swift */ = {isa = PBXFileReference; lastKnownFileType = sourcecode.swift; path = AchievementBar.swift; sourceTree = "<group>"; };
		63CA1939257BC5E300CB2283 /* BottomNextButton.swift */ = {isa = PBXFileReference; lastKnownFileType = sourcecode.swift; path = BottomNextButton.swift; sourceTree = "<group>"; };
		63CA19A0257E679900CB2283 /* SelectAchievementView.swift */ = {isa = PBXFileReference; fileEncoding = 4; lastKnownFileType = sourcecode.swift; path = SelectAchievementView.swift; sourceTree = "<group>"; };
		63CA19A1257E679900CB2283 /* ScoreBubble.swift */ = {isa = PBXFileReference; fileEncoding = 4; lastKnownFileType = sourcecode.swift; path = ScoreBubble.swift; sourceTree = "<group>"; };
		63CA19A2257E679900CB2283 /* StepperButton.swift */ = {isa = PBXFileReference; fileEncoding = 4; lastKnownFileType = sourcecode.swift; path = StepperButton.swift; sourceTree = "<group>"; };
		63CA19A3257E679900CB2283 /* SelectAchievementRow.swift */ = {isa = PBXFileReference; fileEncoding = 4; lastKnownFileType = sourcecode.swift; path = SelectAchievementRow.swift; sourceTree = "<group>"; };
		63F09B48256E9E5A00EB9101 /* AchievementRateModalView.swift */ = {isa = PBXFileReference; lastKnownFileType = sourcecode.swift; path = AchievementRateModalView.swift; sourceTree = "<group>"; };
		E030BAFB256D0A5800EC18EC /* TagButton.swift */ = {isa = PBXFileReference; lastKnownFileType = sourcecode.swift; path = TagButton.swift; sourceTree = "<group>"; };
		E034A5DD25887CF30092A050 /* FlowView.swift */ = {isa = PBXFileReference; lastKnownFileType = sourcecode.swift; path = FlowView.swift; sourceTree = "<group>"; };
		E034A5E5258881530092A050 /* TagButtonViewModel.swift */ = {isa = PBXFileReference; lastKnownFileType = sourcecode.swift; path = TagButtonViewModel.swift; sourceTree = "<group>"; };
		E051ABAD257B5CCB00E06D52 /* AchievementQuestionView.swift */ = {isa = PBXFileReference; lastKnownFileType = sourcecode.swift; path = AchievementQuestionView.swift; sourceTree = "<group>"; };
		E05859782574A05A00F5AE0C /* AchievementDateView.swift */ = {isa = PBXFileReference; lastKnownFileType = sourcecode.swift; path = AchievementDateView.swift; sourceTree = "<group>"; };
		E058597D2575CF6F00F5AE0C /* AchievementListView.swift */ = {isa = PBXFileReference; lastKnownFileType = sourcecode.swift; path = AchievementListView.swift; sourceTree = "<group>"; };
		E09B973825711196004C882D /* AchievementSetupView.swift */ = {isa = PBXFileReference; lastKnownFileType = sourcecode.swift; path = AchievementSetupView.swift; sourceTree = "<group>"; };
		E0A0AFD6257E2A2B0030F3F6 /* SplashView.swift */ = {isa = PBXFileReference; lastKnownFileType = sourcecode.swift; path = SplashView.swift; sourceTree = "<group>"; };
		E0A0AFDE257E2BBB0030F3F6 /* splash.json */ = {isa = PBXFileReference; fileEncoding = 4; lastKnownFileType = text.json; path = splash.json; sourceTree = "<group>"; };
		E0B1886B2576592D003DF180 /* AchievementItemViewModel.swift */ = {isa = PBXFileReference; lastKnownFileType = sourcecode.swift; path = AchievementItemViewModel.swift; sourceTree = "<group>"; };
		E0B18871257659BC003DF180 /* AchievementItemView.swift */ = {isa = PBXFileReference; lastKnownFileType = sourcecode.swift; path = AchievementItemView.swift; sourceTree = "<group>"; };
		E0B1887C25765B71003DF180 /* Images.xcassets */ = {isa = PBXFileReference; lastKnownFileType = folder.assetcatalog; path = Images.xcassets; sourceTree = "<group>"; };
		E0B18881257662C0003DF180 /* RetrospectQuestionView.swift */ = {isa = PBXFileReference; lastKnownFileType = sourcecode.swift; path = RetrospectQuestionView.swift; sourceTree = "<group>"; };
		E0B18886257662CE003DF180 /* RetrospectQuestionViewModel.swift */ = {isa = PBXFileReference; lastKnownFileType = sourcecode.swift; path = RetrospectQuestionViewModel.swift; sourceTree = "<group>"; };
		E0B9147E256158AA00F93987 /* Tracker.swift */ = {isa = PBXFileReference; fileEncoding = 4; lastKnownFileType = sourcecode.swift; path = Tracker.swift; sourceTree = "<group>"; };
		E0B9147F256158AA00F93987 /* APIService.swift */ = {isa = PBXFileReference; fileEncoding = 4; lastKnownFileType = sourcecode.swift; path = APIService.swift; sourceTree = "<group>"; };
		E0B91480256158AA00F93987 /* APIServiceError.swift */ = {isa = PBXFileReference; fileEncoding = 4; lastKnownFileType = sourcecode.swift; path = APIServiceError.swift; sourceTree = "<group>"; };
/* End PBXFileReference section */

/* Begin PBXFrameworksBuildPhase section */
		6391D16525655C960007A926 /* Frameworks */ = {
			isa = PBXFrameworksBuildPhase;
			buildActionMask = 2147483647;
			files = (
				E0A0AFD1257E2A0D0030F3F6 /* Lottie in Frameworks */,
			);
			runOnlyForDeploymentPostprocessing = 0;
		};
		6391D17625655C980007A926 /* Frameworks */ = {
			isa = PBXFrameworksBuildPhase;
			buildActionMask = 2147483647;
			files = (
			);
			runOnlyForDeploymentPostprocessing = 0;
		};
		6391D18125655C980007A926 /* Frameworks */ = {
			isa = PBXFrameworksBuildPhase;
			buildActionMask = 2147483647;
			files = (
			);
			runOnlyForDeploymentPostprocessing = 0;
		};
/* End PBXFrameworksBuildPhase section */

/* Begin PBXGroup section */
		562F6976256A7A5A00C50C97 /* Resource */ = {
			isa = PBXGroup;
			children = (
				562F6977256A7A6D00C50C97 /* CustomColor.swift */,
			);
			path = Resource;
			sourceTree = "<group>";
		};
		562F698D256EBF8400C50C97 /* Home */ = {
			isa = PBXGroup;
			children = (
				562F698E256EBFAE00C50C97 /* HomeView.swift */,
				562F6996256EC04800C50C97 /* RoundedBackground.swift */,
				562F69A3256EC24800C50C97 /* ProgressBar.swift */,
				562F69A8256ECA0E00C50C97 /* DateSelectionVIew.swift */,
				562F69B2256ECC3A00C50C97 /* GoalRow.swift */,
				562F69AD256ECBD400C50C97 /* AchievedGoalRow.swift */,
				562F69BA256ECCC400C50C97 /* GoalList.swift */,
				56790B60257B792A00920402 /* ScoreRow.swift */,
				56790B8C257BE7F000920402 /* ScorePadRow.swift */,
				56790B91257BE85600920402 /* ScorePad.swift */,
			);
			path = Home;
			sourceTree = "<group>";
		};
		630EBCCE256682D600CDFA50 /* Retrospect */ = {
			isa = PBXGroup;
			children = (
				63C7D48B25BAC43700BDE3AA /* QuestionAnswer */,
				635D5F942572968D00FEB3EF /* Detail */,
				635D5F7E2572924A00FEB3EF /* Main */,
				63A4DF9C256E9B9D00257ED2 /* AchievementModal */,
				63CA192E257BADF300CB2283 /* Write */,
				63CA199F257E679900CB2283 /* SelectAchievement */,
			);
			path = Retrospect;
			sourceTree = "<group>";
		};
		633548EC2585E96A006844B0 /* ContentWrite */ = {
			isa = PBXGroup;
			children = (
				633548ED2585E98E006844B0 /* RetrospectWriteView.swift */,
				63823E472586581E00374384 /* TextView.swift */,
			);
			path = ContentWrite;
			sourceTree = "<group>";
		};
		635D5F7E2572924A00FEB3EF /* Main */ = {
			isa = PBXGroup;
			children = (
				632A10822566BDCB0085B126 /* CardContentable.swift */,
				632A106D2566B94C0085B126 /* ShadowCard.swift */,
				630EBD0F2566954500CDFA50 /* HalfableGrayLine.swift */,
				630EBD212566A38700CDFA50 /* RetrospectRow.swift */,
				632A10752566B9EB0085B126 /* AchievementRow.swift */,
				630EBD2E2566A5F300CDFA50 /* MonthFlagRow.swift */,
				632A107D2566BCDB0085B126 /* RetrospectView.swift */,
			);
			path = Main;
			sourceTree = "<group>";
		};
		635D5F942572968D00FEB3EF /* Detail */ = {
			isa = PBXGroup;
			children = (
				63CA19022579359F00CB2283 /* HunnitSummary.swift */,
				63CA190C2579379700CB2283 /* DetailSummary.swift */,
				63CA19072579362900CB2283 /* DetailAnswerRow.swift */,
				63CA19112579383E00CB2283 /* RetrospectDetailView.swift */,
			);
			path = Detail;
			sourceTree = "<group>";
		};
		6391D15F25655C960007A926 = {
			isa = PBXGroup;
			children = (
				6391D16A25655C960007A926 /* HunnitLog */,
				6391D17C25655C980007A926 /* HunnitLogTests */,
				6391D18725655C980007A926 /* HunnitLogUITests */,
				6391D16925655C960007A926 /* Products */,
			);
			sourceTree = "<group>";
		};
		6391D16925655C960007A926 /* Products */ = {
			isa = PBXGroup;
			children = (
				6391D16825655C960007A926 /* HunnitLog.app */,
				6391D17925655C980007A926 /* HunnitLogTests.xctest */,
				6391D18425655C980007A926 /* HunnitLogUITests.xctest */,
			);
			name = Products;
			sourceTree = "<group>";
		};
		6391D16A25655C960007A926 /* HunnitLog */ = {
			isa = PBXGroup;
			children = (
				562F6976256A7A5A00C50C97 /* Resource */,
				6391D16B25655C960007A926 /* HunnitLogApp.swift */,
				6391D16F25655C970007A926 /* Assets.xcassets */,
				E0B1887C25765B71003DF180 /* Images.xcassets */,
				562F697C256A7A8700C50C97 /* Colors.xcassets */,
				6391D17425655C970007A926 /* Info.plist */,
				6391D17125655C970007A926 /* Preview Content */,
				63A4DF44256C1CF200257ED2 /* Extension */,
				E0B9146A2561581000F93987 /* Service */,
				E0B9147A2561587900F93987 /* Model */,
				E0B9149A256158DF00F93987 /* View */,
				E0B9149B256158E300F93987 /* ViewModel */,
			);
			path = HunnitLog;
			sourceTree = "<group>";
		};
		6391D17125655C970007A926 /* Preview Content */ = {
			isa = PBXGroup;
			children = (
				6391D17225655C970007A926 /* Preview Assets.xcassets */,
			);
			path = "Preview Content";
			sourceTree = "<group>";
		};
		6391D17C25655C980007A926 /* HunnitLogTests */ = {
			isa = PBXGroup;
			children = (
				6391D17D25655C980007A926 /* HunnitLogTests.swift */,
				6391D17F25655C980007A926 /* Info.plist */,
			);
			path = HunnitLogTests;
			sourceTree = "<group>";
		};
		6391D18725655C980007A926 /* HunnitLogUITests */ = {
			isa = PBXGroup;
			children = (
				6391D18825655C980007A926 /* HunnitLogUITests.swift */,
				6391D18A25655C980007A926 /* Info.plist */,
			);
			path = HunnitLogUITests;
			sourceTree = "<group>";
		};
		63A4DF44256C1CF200257ED2 /* Extension */ = {
			isa = PBXGroup;
			children = (
				63A4DF3C256C1B5600257ED2 /* View+Extension.swift */,
			);
			path = Extension;
			sourceTree = "<group>";
		};
		63A4DF62256C258E00257ED2 /* CustomAlert */ = {
			isa = PBXGroup;
			children = (
				63A4DF13256C193400257ED2 /* CustomAlert.swift */,
				63A4DF24256C1B0700257ED2 /* CustomAlertHostingController.swift */,
			);
			path = CustomAlert;
			sourceTree = "<group>";
		};
		63A4DF9C256E9B9D00257ED2 /* AchievementModal */ = {
			isa = PBXGroup;
			children = (
				635D5F5A25727FD500FEB3EF /* AchievementModalHeader.swift */,
				635D5F62257285C500FEB3EF /* AchievementModalPercentageView.swift */,
				635D5F6D25728D4400FEB3EF /* AchievementModalRow.swift */,
				63F09B48256E9E5A00EB9101 /* AchievementRateModalView.swift */,
			);
			path = AchievementModal;
			sourceTree = "<group>";
		};
		63C7D48B25BAC43700BDE3AA /* QuestionAnswer */ = {
			isa = PBXGroup;
			children = (
				63C7D48C25BAC44600BDE3AA /* QuestionAnswerView.swift */,
				63C7D49125BAC46300BDE3AA /* RetrospectWriteHeaderView.swift */,
			);
			path = QuestionAnswer;
			sourceTree = "<group>";
		};
		63CA192E257BADF300CB2283 /* Write */ = {
			isa = PBXGroup;
			children = (
				633548EC2585E96A006844B0 /* ContentWrite */,
				63CA1934257BBCF300CB2283 /* AchievementBar.swift */,
				63CA192F257BAE1C00CB2283 /* RetrospectWriteFinishView.swift */,
				63CA1939257BC5E300CB2283 /* BottomNextButton.swift */,
			);
			path = Write;
			sourceTree = "<group>";
		};
		63CA199F257E679900CB2283 /* SelectAchievement */ = {
			isa = PBXGroup;
			children = (
				63CA19A1257E679900CB2283 /* ScoreBubble.swift */,
				63CA19A2257E679900CB2283 /* StepperButton.swift */,
				63CA19A3257E679900CB2283 /* SelectAchievementRow.swift */,
				63CA19A0257E679900CB2283 /* SelectAchievementView.swift */,
			);
			path = SelectAchievement;
			sourceTree = "<group>";
		};
		E09B973725711177004C882D /* AchievementSetup */ = {
			isa = PBXGroup;
			children = (
				E09B973825711196004C882D /* AchievementSetupView.swift */,
				E05859782574A05A00F5AE0C /* AchievementDateView.swift */,
				E058597D2575CF6F00F5AE0C /* AchievementListView.swift */,
				E051ABAD257B5CCB00E06D52 /* AchievementQuestionView.swift */,
				E030BAFB256D0A5800EC18EC /* TagButton.swift */,
				E0B18871257659BC003DF180 /* AchievementItemView.swift */,
				E0B18881257662C0003DF180 /* RetrospectQuestionView.swift */,
				E034A5DD25887CF30092A050 /* FlowView.swift */,
			);
			path = AchievementSetup;
			sourceTree = "<group>";
		};
		E0A0AFD5257E2A200030F3F6 /* Splash */ = {
			isa = PBXGroup;
			children = (
				E0A0AFD6257E2A2B0030F3F6 /* SplashView.swift */,
				E0A0AFDE257E2BBB0030F3F6 /* splash.json */,
			);
			path = Splash;
			sourceTree = "<group>";
		};
		E0B9146A2561581000F93987 /* Service */ = {
			isa = PBXGroup;
			children = (
				E0B9147F256158AA00F93987 /* APIService.swift */,
				E0B91480256158AA00F93987 /* APIServiceError.swift */,
				E0B9147E256158AA00F93987 /* Tracker.swift */,
				E0B91494256158BC00F93987 /* Request */,
			);
			path = Service;
			sourceTree = "<group>";
		};
		E0B9147A2561587900F93987 /* Model */ = {
			isa = PBXGroup;
			children = (
				E0B1886B2576592D003DF180 /* AchievementItemViewModel.swift */,
				E0B18886257662CE003DF180 /* RetrospectQuestionViewModel.swift */,
				E034A5E5258881530092A050 /* TagButtonViewModel.swift */,
			);
			path = Model;
			sourceTree = "<group>";
		};
		E0B91494256158BC00F93987 /* Request */ = {
			isa = PBXGroup;
			children = (
			);
			name = Request;
			sourceTree = "<group>";
		};
		E0B9149A256158DF00F93987 /* View */ = {
			isa = PBXGroup;
			children = (
				E0A0AFD5257E2A200030F3F6 /* Splash */,
				63A4DF62256C258E00257ED2 /* CustomAlert */,
				E09B973725711177004C882D /* AchievementSetup */,
				562F698D256EBF8400C50C97 /* Home */,
				630EBCCE256682D600CDFA50 /* Retrospect */,
				632A10B02566CF2B0085B126 /* ContentView.swift */,
			);
			path = View;
			sourceTree = "<group>";
		};
		E0B9149B256158E300F93987 /* ViewModel */ = {
			isa = PBXGroup;
			children = (
				635D5FB4257531EF00FEB3EF /* Feeling.swift */,
			);
			path = ViewModel;
			sourceTree = "<group>";
		};
/* End PBXGroup section */

/* Begin PBXNativeTarget section */
		6391D16725655C960007A926 /* HunnitLog */ = {
			isa = PBXNativeTarget;
			buildConfigurationList = 6391D18D25655C980007A926 /* Build configuration list for PBXNativeTarget "HunnitLog" */;
			buildPhases = (
				6391D16425655C960007A926 /* Sources */,
				6391D16525655C960007A926 /* Frameworks */,
				6391D16625655C960007A926 /* Resources */,
			);
			buildRules = (
			);
			dependencies = (
			);
			name = HunnitLog;
			packageProductDependencies = (
				E0A0AFD0257E2A0D0030F3F6 /* Lottie */,
			);
			productName = HunnitLog;
			productReference = 6391D16825655C960007A926 /* HunnitLog.app */;
			productType = "com.apple.product-type.application";
		};
		6391D17825655C980007A926 /* HunnitLogTests */ = {
			isa = PBXNativeTarget;
			buildConfigurationList = 6391D19025655C980007A926 /* Build configuration list for PBXNativeTarget "HunnitLogTests" */;
			buildPhases = (
				6391D17525655C980007A926 /* Sources */,
				6391D17625655C980007A926 /* Frameworks */,
				6391D17725655C980007A926 /* Resources */,
			);
			buildRules = (
			);
			dependencies = (
				6391D17B25655C980007A926 /* PBXTargetDependency */,
			);
			name = HunnitLogTests;
			productName = HunnitLogTests;
			productReference = 6391D17925655C980007A926 /* HunnitLogTests.xctest */;
			productType = "com.apple.product-type.bundle.unit-test";
		};
		6391D18325655C980007A926 /* HunnitLogUITests */ = {
			isa = PBXNativeTarget;
			buildConfigurationList = 6391D19325655C980007A926 /* Build configuration list for PBXNativeTarget "HunnitLogUITests" */;
			buildPhases = (
				6391D18025655C980007A926 /* Sources */,
				6391D18125655C980007A926 /* Frameworks */,
				6391D18225655C980007A926 /* Resources */,
			);
			buildRules = (
			);
			dependencies = (
				6391D18625655C980007A926 /* PBXTargetDependency */,
			);
			name = HunnitLogUITests;
			productName = HunnitLogUITests;
			productReference = 6391D18425655C980007A926 /* HunnitLogUITests.xctest */;
			productType = "com.apple.product-type.bundle.ui-testing";
		};
/* End PBXNativeTarget section */

/* Begin PBXProject section */
		6391D16025655C960007A926 /* Project object */ = {
			isa = PBXProject;
			attributes = {
				LastSwiftUpdateCheck = 1220;
				LastUpgradeCheck = 1220;
				TargetAttributes = {
					6391D16725655C960007A926 = {
						CreatedOnToolsVersion = 12.2;
					};
					6391D17825655C980007A926 = {
						CreatedOnToolsVersion = 12.2;
						TestTargetID = 6391D16725655C960007A926;
					};
					6391D18325655C980007A926 = {
						CreatedOnToolsVersion = 12.2;
						TestTargetID = 6391D16725655C960007A926;
					};
				};
			};
			buildConfigurationList = 6391D16325655C960007A926 /* Build configuration list for PBXProject "HunnitLog" */;
			compatibilityVersion = "Xcode 9.3";
			developmentRegion = en;
			hasScannedForEncodings = 0;
			knownRegions = (
				en,
				Base,
			);
			mainGroup = 6391D15F25655C960007A926;
			packageReferences = (
				E0A0AFCF257E2A0D0030F3F6 /* XCRemoteSwiftPackageReference "lottie-ios" */,
			);
			productRefGroup = 6391D16925655C960007A926 /* Products */;
			projectDirPath = "";
			projectRoot = "";
			targets = (
				6391D16725655C960007A926 /* HunnitLog */,
				6391D17825655C980007A926 /* HunnitLogTests */,
				6391D18325655C980007A926 /* HunnitLogUITests */,
			);
		};
/* End PBXProject section */

/* Begin PBXResourcesBuildPhase section */
		6391D16625655C960007A926 /* Resources */ = {
			isa = PBXResourcesBuildPhase;
			buildActionMask = 2147483647;
			files = (
				562F697D256A7A8700C50C97 /* Colors.xcassets in Resources */,
				E0B1887D25765B71003DF180 /* Images.xcassets in Resources */,
				6391D17325655C970007A926 /* Preview Assets.xcassets in Resources */,
				E0A0AFDF257E2BBB0030F3F6 /* splash.json in Resources */,
				6391D17025655C970007A926 /* Assets.xcassets in Resources */,
			);
			runOnlyForDeploymentPostprocessing = 0;
		};
		6391D17725655C980007A926 /* Resources */ = {
			isa = PBXResourcesBuildPhase;
			buildActionMask = 2147483647;
			files = (
			);
			runOnlyForDeploymentPostprocessing = 0;
		};
		6391D18225655C980007A926 /* Resources */ = {
			isa = PBXResourcesBuildPhase;
			buildActionMask = 2147483647;
			files = (
			);
			runOnlyForDeploymentPostprocessing = 0;
		};
/* End PBXResourcesBuildPhase section */

/* Begin PBXSourcesBuildPhase section */
		6391D16425655C960007A926 /* Sources */ = {
			isa = PBXSourcesBuildPhase;
			buildActionMask = 2147483647;
			files = (
				E058597E2575CF6F00F5AE0C /* AchievementListView.swift in Sources */,
				E0B18882257662C0003DF180 /* RetrospectQuestionView.swift in Sources */,
				562F69B3256ECC3A00C50C97 /* GoalRow.swift in Sources */,
				56790B8D257BE7F000920402 /* ScorePadRow.swift in Sources */,
				E030BAFC256D0A5800EC18EC /* TagButton.swift in Sources */,
				E030BAFC256D0A5800EC18EC /* TagButton.swift in Sources */,
				632A10762566B9EB0085B126 /* AchievementRow.swift in Sources */,
				63CA19A4257E679900CB2283 /* SelectAchievementView.swift in Sources */,
				632A106E2566B94C0085B126 /* ShadowCard.swift in Sources */,
				63A4DF25256C1B0700257ED2 /* CustomAlertHostingController.swift in Sources */,
				63CA19A5257E679900CB2283 /* ScoreBubble.swift in Sources */,
				635D5F6E25728D4400FEB3EF /* AchievementModalRow.swift in Sources */,
				E034A5DE25887CF30092A050 /* FlowView.swift in Sources */,
				630EBD102566954500CDFA50 /* HalfableGrayLine.swift in Sources */,
				562F6978256A7A6D00C50C97 /* CustomColor.swift in Sources */,
				562F69AE256ECBD400C50C97 /* AchievedGoalRow.swift in Sources */,
				562F69A9256ECA0E00C50C97 /* DateSelectionVIew.swift in Sources */,
				630EBD222566A38800CDFA50 /* RetrospectRow.swift in Sources */,
				63CA190D2579379700CB2283 /* DetailSummary.swift in Sources */,
				63A4DF14256C193400257ED2 /* CustomAlert.swift in Sources */,
				56790B61257B792A00920402 /* ScoreRow.swift in Sources */,
				63823E482586581E00374384 /* TextView.swift in Sources */,
				E0B1886C2576592D003DF180 /* AchievementItemViewModel.swift in Sources */,
				632A107E2566BCDB0085B126 /* RetrospectView.swift in Sources */,
				63CA19122579383E00CB2283 /* RetrospectDetailView.swift in Sources */,
				63CA1935257BBCF300CB2283 /* AchievementBar.swift in Sources */,
				562F698F256EBFAE00C50C97 /* HomeView.swift in Sources */,
				E09B973925711196004C882D /* AchievementSetupView.swift in Sources */,
				635D5FB5257531EF00FEB3EF /* Feeling.swift in Sources */,
				562F6997256EC04800C50C97 /* RoundedBackground.swift in Sources */,
				E0B18872257659BC003DF180 /* AchievementItemView.swift in Sources */,
				6391D16C25655C960007A926 /* HunnitLogApp.swift in Sources */,
				E051ABAE257B5CCB00E06D52 /* AchievementQuestionView.swift in Sources */,
				63CA19032579359F00CB2283 /* HunnitSummary.swift in Sources */,
				63C7D48D25BAC44600BDE3AA /* QuestionAnswerView.swift in Sources */,
				63CA19A6257E679900CB2283 /* StepperButton.swift in Sources */,
				630EBD2F2566A5F300CDFA50 /* MonthFlagRow.swift in Sources */,
				63CA1930257BAE1D00CB2283 /* RetrospectWriteFinishView.swift in Sources */,
				633548EE2585E98E006844B0 /* RetrospectWriteView.swift in Sources */,
				562F69BB256ECCC400C50C97 /* GoalList.swift in Sources */,
				632A10832566BDCB0085B126 /* CardContentable.swift in Sources */,
				63CA193A257BC5E300CB2283 /* BottomNextButton.swift in Sources */,
				63F09B49256E9E5A00EB9101 /* AchievementRateModalView.swift in Sources */,
				56790B92257BE85600920402 /* ScorePad.swift in Sources */,
				635D5F5B25727FD500FEB3EF /* AchievementModalHeader.swift in Sources */,
				E0B91481256158AA00F93987 /* Tracker.swift in Sources */,
				63CA19A7257E679900CB2283 /* SelectAchievementRow.swift in Sources */,
				E0A0AFD7257E2A2B0030F3F6 /* SplashView.swift in Sources */,
				632A10B12566CF2B0085B126 /* ContentView.swift in Sources */,
				E0B91483256158AA00F93987 /* APIServiceError.swift in Sources */,
				63C7D49225BAC46300BDE3AA /* RetrospectWriteHeaderView.swift in Sources */,
				E0B18887257662CE003DF180 /* RetrospectQuestionViewModel.swift in Sources */,
				E05859792574A05A00F5AE0C /* AchievementDateView.swift in Sources */,
				E0B91482256158AA00F93987 /* APIService.swift in Sources */,
				63CA19082579362900CB2283 /* DetailAnswerRow.swift in Sources */,
				635D5F63257285C500FEB3EF /* AchievementModalPercentageView.swift in Sources */,
				562F69A4256EC24800C50C97 /* ProgressBar.swift in Sources */,
				63A4DF3D256C1B5600257ED2 /* View+Extension.swift in Sources */,
				E034A5E6258881530092A050 /* TagButtonViewModel.swift in Sources */,
			);
			runOnlyForDeploymentPostprocessing = 0;
		};
		6391D17525655C980007A926 /* Sources */ = {
			isa = PBXSourcesBuildPhase;
			buildActionMask = 2147483647;
			files = (
				6391D17E25655C980007A926 /* HunnitLogTests.swift in Sources */,
			);
			runOnlyForDeploymentPostprocessing = 0;
		};
		6391D18025655C980007A926 /* Sources */ = {
			isa = PBXSourcesBuildPhase;
			buildActionMask = 2147483647;
			files = (
				6391D18925655C980007A926 /* HunnitLogUITests.swift in Sources */,
			);
			runOnlyForDeploymentPostprocessing = 0;
		};
/* End PBXSourcesBuildPhase section */

/* Begin PBXTargetDependency section */
		6391D17B25655C980007A926 /* PBXTargetDependency */ = {
			isa = PBXTargetDependency;
			target = 6391D16725655C960007A926 /* HunnitLog */;
			targetProxy = 6391D17A25655C980007A926 /* PBXContainerItemProxy */;
		};
		6391D18625655C980007A926 /* PBXTargetDependency */ = {
			isa = PBXTargetDependency;
			target = 6391D16725655C960007A926 /* HunnitLog */;
			targetProxy = 6391D18525655C980007A926 /* PBXContainerItemProxy */;
		};
/* End PBXTargetDependency section */

/* Begin XCBuildConfiguration section */
		6391D18B25655C980007A926 /* Debug */ = {
			isa = XCBuildConfiguration;
			buildSettings = {
				ALWAYS_SEARCH_USER_PATHS = NO;
				CLANG_ANALYZER_NONNULL = YES;
				CLANG_ANALYZER_NUMBER_OBJECT_CONVERSION = YES_AGGRESSIVE;
				CLANG_CXX_LANGUAGE_STANDARD = "gnu++14";
				CLANG_CXX_LIBRARY = "libc++";
				CLANG_ENABLE_MODULES = YES;
				CLANG_ENABLE_OBJC_ARC = YES;
				CLANG_ENABLE_OBJC_WEAK = YES;
				CLANG_WARN_BLOCK_CAPTURE_AUTORELEASING = YES;
				CLANG_WARN_BOOL_CONVERSION = YES;
				CLANG_WARN_COMMA = YES;
				CLANG_WARN_CONSTANT_CONVERSION = YES;
				CLANG_WARN_DEPRECATED_OBJC_IMPLEMENTATIONS = YES;
				CLANG_WARN_DIRECT_OBJC_ISA_USAGE = YES_ERROR;
				CLANG_WARN_DOCUMENTATION_COMMENTS = YES;
				CLANG_WARN_EMPTY_BODY = YES;
				CLANG_WARN_ENUM_CONVERSION = YES;
				CLANG_WARN_INFINITE_RECURSION = YES;
				CLANG_WARN_INT_CONVERSION = YES;
				CLANG_WARN_NON_LITERAL_NULL_CONVERSION = YES;
				CLANG_WARN_OBJC_IMPLICIT_RETAIN_SELF = YES;
				CLANG_WARN_OBJC_LITERAL_CONVERSION = YES;
				CLANG_WARN_OBJC_ROOT_CLASS = YES_ERROR;
				CLANG_WARN_QUOTED_INCLUDE_IN_FRAMEWORK_HEADER = YES;
				CLANG_WARN_RANGE_LOOP_ANALYSIS = YES;
				CLANG_WARN_STRICT_PROTOTYPES = YES;
				CLANG_WARN_SUSPICIOUS_MOVE = YES;
				CLANG_WARN_UNGUARDED_AVAILABILITY = YES_AGGRESSIVE;
				CLANG_WARN_UNREACHABLE_CODE = YES;
				CLANG_WARN__DUPLICATE_METHOD_MATCH = YES;
				COPY_PHASE_STRIP = NO;
				DEBUG_INFORMATION_FORMAT = dwarf;
				ENABLE_STRICT_OBJC_MSGSEND = YES;
				ENABLE_TESTABILITY = YES;
				GCC_C_LANGUAGE_STANDARD = gnu11;
				GCC_DYNAMIC_NO_PIC = NO;
				GCC_NO_COMMON_BLOCKS = YES;
				GCC_OPTIMIZATION_LEVEL = 0;
				GCC_PREPROCESSOR_DEFINITIONS = (
					"DEBUG=1",
					"$(inherited)",
				);
				GCC_WARN_64_TO_32_BIT_CONVERSION = YES;
				GCC_WARN_ABOUT_RETURN_TYPE = YES_ERROR;
				GCC_WARN_UNDECLARED_SELECTOR = YES;
				GCC_WARN_UNINITIALIZED_AUTOS = YES_AGGRESSIVE;
				GCC_WARN_UNUSED_FUNCTION = YES;
				GCC_WARN_UNUSED_VARIABLE = YES;
				IPHONEOS_DEPLOYMENT_TARGET = 14.2;
				MTL_ENABLE_DEBUG_INFO = INCLUDE_SOURCE;
				MTL_FAST_MATH = YES;
				ONLY_ACTIVE_ARCH = YES;
				SDKROOT = iphoneos;
				SWIFT_ACTIVE_COMPILATION_CONDITIONS = DEBUG;
				SWIFT_OPTIMIZATION_LEVEL = "-Onone";
			};
			name = Debug;
		};
		6391D18C25655C980007A926 /* Release */ = {
			isa = XCBuildConfiguration;
			buildSettings = {
				ALWAYS_SEARCH_USER_PATHS = NO;
				CLANG_ANALYZER_NONNULL = YES;
				CLANG_ANALYZER_NUMBER_OBJECT_CONVERSION = YES_AGGRESSIVE;
				CLANG_CXX_LANGUAGE_STANDARD = "gnu++14";
				CLANG_CXX_LIBRARY = "libc++";
				CLANG_ENABLE_MODULES = YES;
				CLANG_ENABLE_OBJC_ARC = YES;
				CLANG_ENABLE_OBJC_WEAK = YES;
				CLANG_WARN_BLOCK_CAPTURE_AUTORELEASING = YES;
				CLANG_WARN_BOOL_CONVERSION = YES;
				CLANG_WARN_COMMA = YES;
				CLANG_WARN_CONSTANT_CONVERSION = YES;
				CLANG_WARN_DEPRECATED_OBJC_IMPLEMENTATIONS = YES;
				CLANG_WARN_DIRECT_OBJC_ISA_USAGE = YES_ERROR;
				CLANG_WARN_DOCUMENTATION_COMMENTS = YES;
				CLANG_WARN_EMPTY_BODY = YES;
				CLANG_WARN_ENUM_CONVERSION = YES;
				CLANG_WARN_INFINITE_RECURSION = YES;
				CLANG_WARN_INT_CONVERSION = YES;
				CLANG_WARN_NON_LITERAL_NULL_CONVERSION = YES;
				CLANG_WARN_OBJC_IMPLICIT_RETAIN_SELF = YES;
				CLANG_WARN_OBJC_LITERAL_CONVERSION = YES;
				CLANG_WARN_OBJC_ROOT_CLASS = YES_ERROR;
				CLANG_WARN_QUOTED_INCLUDE_IN_FRAMEWORK_HEADER = YES;
				CLANG_WARN_RANGE_LOOP_ANALYSIS = YES;
				CLANG_WARN_STRICT_PROTOTYPES = YES;
				CLANG_WARN_SUSPICIOUS_MOVE = YES;
				CLANG_WARN_UNGUARDED_AVAILABILITY = YES_AGGRESSIVE;
				CLANG_WARN_UNREACHABLE_CODE = YES;
				CLANG_WARN__DUPLICATE_METHOD_MATCH = YES;
				COPY_PHASE_STRIP = NO;
				DEBUG_INFORMATION_FORMAT = "dwarf-with-dsym";
				ENABLE_NS_ASSERTIONS = NO;
				ENABLE_STRICT_OBJC_MSGSEND = YES;
				GCC_C_LANGUAGE_STANDARD = gnu11;
				GCC_NO_COMMON_BLOCKS = YES;
				GCC_WARN_64_TO_32_BIT_CONVERSION = YES;
				GCC_WARN_ABOUT_RETURN_TYPE = YES_ERROR;
				GCC_WARN_UNDECLARED_SELECTOR = YES;
				GCC_WARN_UNINITIALIZED_AUTOS = YES_AGGRESSIVE;
				GCC_WARN_UNUSED_FUNCTION = YES;
				GCC_WARN_UNUSED_VARIABLE = YES;
				IPHONEOS_DEPLOYMENT_TARGET = 14.2;
				MTL_ENABLE_DEBUG_INFO = NO;
				MTL_FAST_MATH = YES;
				SDKROOT = iphoneos;
				SWIFT_COMPILATION_MODE = wholemodule;
				SWIFT_OPTIMIZATION_LEVEL = "-O";
				VALIDATE_PRODUCT = YES;
			};
			name = Release;
		};
		6391D18E25655C980007A926 /* Debug */ = {
			isa = XCBuildConfiguration;
			buildSettings = {
				ASSETCATALOG_COMPILER_APPICON_NAME = AppIcon;
				ASSETCATALOG_COMPILER_GLOBAL_ACCENT_COLOR_NAME = AccentColor;
				CODE_SIGN_IDENTITY = "Apple Development";
				CODE_SIGN_STYLE = Automatic;
				CURRENT_PROJECT_VERSION = 1;
				DEVELOPMENT_ASSET_PATHS = "\"HunnitLog/Preview Content\"";
				DEVELOPMENT_TEAM = 94R4GZ63X7;
				ENABLE_PREVIEWS = YES;
				INFOPLIST_FILE = HunnitLog/Info.plist;
				IPHONEOS_DEPLOYMENT_TARGET = 14.0;
				LD_RUNPATH_SEARCH_PATHS = (
					"$(inherited)",
					"@executable_path/Frameworks",
				);
				MARKETING_VERSION = 1.0.0;
				PRODUCT_BUNDLE_IDENTIFIER = com.naljin.HunnitLog;
				PRODUCT_NAME = "$(TARGET_NAME)";
				PROVISIONING_PROFILE_SPECIFIER = "";
				SWIFT_VERSION = 5.0;
				TARGETED_DEVICE_FAMILY = "1,2";
			};
			name = Debug;
		};
		6391D18F25655C980007A926 /* Release */ = {
			isa = XCBuildConfiguration;
			buildSettings = {
				ASSETCATALOG_COMPILER_APPICON_NAME = AppIcon;
				ASSETCATALOG_COMPILER_GLOBAL_ACCENT_COLOR_NAME = AccentColor;
				CODE_SIGN_IDENTITY = "Apple Development";
				CODE_SIGN_STYLE = Automatic;
				CURRENT_PROJECT_VERSION = 1;
				DEVELOPMENT_ASSET_PATHS = "\"HunnitLog/Preview Content\"";
				DEVELOPMENT_TEAM = 94R4GZ63X7;
				ENABLE_PREVIEWS = YES;
				INFOPLIST_FILE = HunnitLog/Info.plist;
				IPHONEOS_DEPLOYMENT_TARGET = 14.0;
				LD_RUNPATH_SEARCH_PATHS = (
					"$(inherited)",
					"@executable_path/Frameworks",
				);
				MARKETING_VERSION = 1.0.0;
				PRODUCT_BUNDLE_IDENTIFIER = com.naljin.HunnitLog;
				PRODUCT_NAME = "$(TARGET_NAME)";
				PROVISIONING_PROFILE_SPECIFIER = "";
				SWIFT_VERSION = 5.0;
				TARGETED_DEVICE_FAMILY = "1,2";
			};
			name = Release;
		};
		6391D19125655C980007A926 /* Debug */ = {
			isa = XCBuildConfiguration;
			buildSettings = {
				ALWAYS_EMBED_SWIFT_STANDARD_LIBRARIES = YES;
				BUNDLE_LOADER = "$(TEST_HOST)";
				CODE_SIGN_STYLE = Automatic;
				DEVELOPMENT_TEAM = 94R4GZ63X7;
				INFOPLIST_FILE = HunnitLogTests/Info.plist;
				IPHONEOS_DEPLOYMENT_TARGET = 14.0;
				LD_RUNPATH_SEARCH_PATHS = (
					"$(inherited)",
					"@executable_path/Frameworks",
					"@loader_path/Frameworks",
				);
				PRODUCT_BUNDLE_IDENTIFIER = com.choya.sqoo.naljin.HunnitLogTests;
				PRODUCT_NAME = "$(TARGET_NAME)";
				SWIFT_VERSION = 5.0;
				TARGETED_DEVICE_FAMILY = "1,2";
				TEST_HOST = "$(BUILT_PRODUCTS_DIR)/HunnitLog.app/HunnitLog";
			};
			name = Debug;
		};
		6391D19225655C980007A926 /* Release */ = {
			isa = XCBuildConfiguration;
			buildSettings = {
				ALWAYS_EMBED_SWIFT_STANDARD_LIBRARIES = YES;
				BUNDLE_LOADER = "$(TEST_HOST)";
				CODE_SIGN_STYLE = Automatic;
				DEVELOPMENT_TEAM = 94R4GZ63X7;
				INFOPLIST_FILE = HunnitLogTests/Info.plist;
				IPHONEOS_DEPLOYMENT_TARGET = 14.0;
				LD_RUNPATH_SEARCH_PATHS = (
					"$(inherited)",
					"@executable_path/Frameworks",
					"@loader_path/Frameworks",
				);
				PRODUCT_BUNDLE_IDENTIFIER = com.choya.sqoo.naljin.HunnitLogTests;
				PRODUCT_NAME = "$(TARGET_NAME)";
				SWIFT_VERSION = 5.0;
				TARGETED_DEVICE_FAMILY = "1,2";
				TEST_HOST = "$(BUILT_PRODUCTS_DIR)/HunnitLog.app/HunnitLog";
			};
			name = Release;
		};
		6391D19425655C980007A926 /* Debug */ = {
			isa = XCBuildConfiguration;
			buildSettings = {
				ALWAYS_EMBED_SWIFT_STANDARD_LIBRARIES = YES;
				CODE_SIGN_STYLE = Automatic;
				DEVELOPMENT_TEAM = 94R4GZ63X7;
				INFOPLIST_FILE = HunnitLogUITests/Info.plist;
				LD_RUNPATH_SEARCH_PATHS = (
					"$(inherited)",
					"@executable_path/Frameworks",
					"@loader_path/Frameworks",
				);
				PRODUCT_BUNDLE_IDENTIFIER = com.choya.sqoo.naljin.HunnitLogUITests;
				PRODUCT_NAME = "$(TARGET_NAME)";
				SWIFT_VERSION = 5.0;
				TARGETED_DEVICE_FAMILY = "1,2";
				TEST_TARGET_NAME = HunnitLog;
			};
			name = Debug;
		};
		6391D19525655C980007A926 /* Release */ = {
			isa = XCBuildConfiguration;
			buildSettings = {
				ALWAYS_EMBED_SWIFT_STANDARD_LIBRARIES = YES;
				CODE_SIGN_STYLE = Automatic;
				DEVELOPMENT_TEAM = 94R4GZ63X7;
				INFOPLIST_FILE = HunnitLogUITests/Info.plist;
				LD_RUNPATH_SEARCH_PATHS = (
					"$(inherited)",
					"@executable_path/Frameworks",
					"@loader_path/Frameworks",
				);
				PRODUCT_BUNDLE_IDENTIFIER = com.choya.sqoo.naljin.HunnitLogUITests;
				PRODUCT_NAME = "$(TARGET_NAME)";
				SWIFT_VERSION = 5.0;
				TARGETED_DEVICE_FAMILY = "1,2";
				TEST_TARGET_NAME = HunnitLog;
			};
			name = Release;
		};
/* End XCBuildConfiguration section */

/* Begin XCConfigurationList section */
		6391D16325655C960007A926 /* Build configuration list for PBXProject "HunnitLog" */ = {
			isa = XCConfigurationList;
			buildConfigurations = (
				6391D18B25655C980007A926 /* Debug */,
				6391D18C25655C980007A926 /* Release */,
			);
			defaultConfigurationIsVisible = 0;
			defaultConfigurationName = Release;
		};
		6391D18D25655C980007A926 /* Build configuration list for PBXNativeTarget "HunnitLog" */ = {
			isa = XCConfigurationList;
			buildConfigurations = (
				6391D18E25655C980007A926 /* Debug */,
				6391D18F25655C980007A926 /* Release */,
			);
			defaultConfigurationIsVisible = 0;
			defaultConfigurationName = Release;
		};
		6391D19025655C980007A926 /* Build configuration list for PBXNativeTarget "HunnitLogTests" */ = {
			isa = XCConfigurationList;
			buildConfigurations = (
				6391D19125655C980007A926 /* Debug */,
				6391D19225655C980007A926 /* Release */,
			);
			defaultConfigurationIsVisible = 0;
			defaultConfigurationName = Release;
		};
		6391D19325655C980007A926 /* Build configuration list for PBXNativeTarget "HunnitLogUITests" */ = {
			isa = XCConfigurationList;
			buildConfigurations = (
				6391D19425655C980007A926 /* Debug */,
				6391D19525655C980007A926 /* Release */,
			);
			defaultConfigurationIsVisible = 0;
			defaultConfigurationName = Release;
		};
/* End XCConfigurationList section */

/* Begin XCRemoteSwiftPackageReference section */
		E0A0AFCF257E2A0D0030F3F6 /* XCRemoteSwiftPackageReference "lottie-ios" */ = {
			isa = XCRemoteSwiftPackageReference;
			repositoryURL = "https://github.com/airbnb/lottie-ios.git";
			requirement = {
				kind = upToNextMajorVersion;
				minimumVersion = 3.1.9;
			};
		};
/* End XCRemoteSwiftPackageReference section */

/* Begin XCSwiftPackageProductDependency section */
		E0A0AFD0257E2A0D0030F3F6 /* Lottie */ = {
			isa = XCSwiftPackageProductDependency;
			package = E0A0AFCF257E2A0D0030F3F6 /* XCRemoteSwiftPackageReference "lottie-ios" */;
			productName = Lottie;
		};
/* End XCSwiftPackageProductDependency section */
	};
	rootObject = 6391D16025655C960007A926 /* Project object */;
}
